{
  "name": "github-users",
  "version": "1.0.0",
  "lockfileVersion": 2,
  "requires": true,
  "packages": {
    "": {
      "name": "github-users",
      "version": "1.0.0",
      "license": "MIT",
      "dependencies": {
        "@vercel/ncc": "^0.34.0"
      },
      "devDependencies": {
        "typescript": "^4.7.3"
      }
    },
    "node_modules/@vercel/ncc": {
      "version": "0.34.0",
      "resolved": "https://registry.npmjs.org/@vercel/ncc/-/ncc-0.34.0.tgz",
      "integrity": "sha512-G9h5ZLBJ/V57Ou9vz5hI8pda/YQX5HQszCs3AmIus3XzsmRn/0Ptic5otD3xVST8QLKk7AMk7AqpsyQGN7MZ9A==",
      "bin": {
        "ncc": "dist/ncc/cli.js"
      }
    },
    "node_modules/typescript": {
      "version": "4.7.3",
      "resolved": "https://registry.npmjs.org/typescript/-/typescript-4.7.3.tgz",
      "integrity": "sha512-WOkT3XYvrpXx4vMMqlD+8R8R37fZkjyLGlxavMc4iB8lrl8L0DeTcHbYgw/v0N/z9wAFsgBhcsF0ruoySS22mA==",
      "dev": true,
      "bin": {
        "tsc": "bin/tsc",
        "tsserver": "bin/tsserver"
      },
      "engines": {
        "node": ">=4.2.0"
      }
    }
  },
  "dependencies": {
    "@vercel/ncc": {
      "version": "0.34.0",
      "resolved": "https://registry.npmjs.org/@vercel/ncc/-/ncc-0.34.0.tgz",
      "integrity": "sha512-G9h5ZLBJ/V57Ou9vz5hI8pda/YQX5HQszCs3AmIus3XzsmRn/0Ptic5otD3xVST8QLKk7AMk7AqpsyQGN7MZ9A=="
    },
    "typescript": {
      "version": "4.7.3",
      "resolved": "https://registry.npmjs.org/typescript/-/typescript-4.7.3.tgz",
      "integrity": "sha512-WOkT3XYvrpXx4vMMqlD+8R8R37fZkjyLGlxavMc4iB8lrl8L0DeTcHbYgw/v0N/z9wAFsgBhcsF0ruoySS22mA==",
      "dev": true
    }
  }
}
